PODS:
  - Alamofire (5.2.2)
  - AlamofireImage (4.1.0):
    - Alamofire (~> 5.1)

DEPENDENCIES:
  - Alamofire
  - AlamofireImage

SPEC REPOS:
  https://github.com/cocoapods/specs.git:
    - Alamofire
    - AlamofireImage

SPEC CHECKSUMS:
  Alamofire: 814429acc853c6c54ff123fc3d2ef66803823ce0
  AlamofireImage: c4a2ba349885fb3064feb74d2e547bd42ce9be10

PODFILE CHECKSUM: 355b4f0868b3ff54aa3df57f1eb118608d92c1fb

COCOAPODS: 1.7.5
